
Microsoft Visual Studio Solution File, Format Version 12.00
# Visual Studio Version 16
VisualStudioVersion = 16.0.30907.101
MinimumVisualStudioVersion = 10.0.40219.1
Project("{FAE04EC0-301F-11D3-BF4B-00C04F79EFBC}") = "TipTournament", "TipTournament\TipTournament.csproj", "{88B1519C-502A-4A4B-8CD9-67A7FCE53301}"
EndProject
Project("{FAE04EC0-301F-11D3-BF4B-00C04F79EFBC}") = "TipTournament2.0", "..\TipTournament2.0\TipTournament2.0\TipTournament2.0.csproj", "{9FC89E7C-AD4A-401F-A008-4A5A6F9A652D}"
EndProject
Global
	GlobalSection(SolutionConfigurationPlatforms) = preSolution
		Debug|Any CPU = Debug|Any CPU
		Release|Any CPU = Release|Any CPU
	EndGlobalSection
	GlobalSection(ProjectConfigurationPlatforms) = postSolution
		{88B1519C-502A-4A4B-8CD9-67A7FCE53301}.Debug|Any CPU.ActiveCfg = Debug|Any CPU
		{88B1519C-502A-4A4B-8CD9-67A7FCE53301}.Debug|Any CPU.Build.0 = Debug|Any CPU
		{88B1519C-502A-4A4B-8CD9-67A7FCE53301}.Release|Any CPU.ActiveCfg = Release|Any CPU
		{88B1519C-502A-4A4B-8CD9-67A7FCE53301}.Release|Any CPU.Build.0 = Release|Any CPU
		{9FC89E7C-AD4A-401F-A008-4A5A6F9A652D}.Debug|Any CPU.ActiveCfg = Debug|Any CPU
		{9FC89E7C-AD4A-401F-A008-4A5A6F9A652D}.Debug|Any CPU.Build.0 = Debug|Any CPU
		{9FC89E7C-AD4A-401F-A008-4A5A6F9A652D}.Release|Any CPU.ActiveCfg = Release|Any CPU
		{9FC89E7C-AD4A-401F-A008-4A5A6F9A652D}.Release|Any CPU.Build.0 = Release|Any CPU
	EndGlobalSection
	GlobalSection(SolutionProperties) = preSolution
		HideSolutionNode = FALSE
	EndGlobalSection
	GlobalSection(ExtensibilityGlobals) = postSolution
		SolutionGuid = {BBDA805F-710E-4CEF-9849-67F93F8BC598}
	EndGlobalSection
EndGlobal
